
Microsoft Visual Studio Solution File, Format Version 12.00
# Visual Studio 15
VisualStudioVersion = 15.0.27130.2036
MinimumVisualStudioVersion = 10.0.40219.1
Project("{FAE04EC0-301F-11D3-BF4B-00C04F79EFBC}") = "Fakes.Contrib", "Fakes.Contrib\Fakes.Contrib.csproj", "{56E2764A-8D9D-4648-BF89-E9516F4B038B}"
EndProject
Project("{2150E333-8FDC-42A3-9474-1A3956D46DE8}") = "Demo", "Demo", "{318BA1B2-0481-4D67-8233-6AB0AE2988C1}"
EndProject
Project("{FAE04EC0-301F-11D3-BF4B-00C04F79EFBC}") = "Fakes.Contrib.Tests", "Fakes.Contrib.Tests\Fakes.Contrib.Tests.csproj", "{CE3B878E-D16A-4386-BF72-916A87B456B0}"
EndProject
Project("{2150E333-8FDC-42A3-9474-1A3956D46DE8}") = "Solution Items", "Solution Items", "{0604A22D-1F38-41AB-B0A4-0A2B0FE39FD1}"
	ProjectSection(SolutionItems) = preProject
		..\.gitignore = ..\.gitignore
		Fakes.Contrib\Fakes.Contrib.nuspec = Fakes.Contrib\Fakes.Contrib.nuspec
		..\LICENSE = ..\LICENSE
		..\README.md = ..\README.md
	EndProjectSection
EndProject
Project("{FAE04EC0-301F-11D3-BF4B-00C04F79EFBC}") = "Demo.Scenarios", "Demo.Scenarios\Demo.Scenarios.csproj", "{AC43A87D-4D68-401C-8FEA-4C84AD251C51}"
EndProject
Project("{FAE04EC0-301F-11D3-BF4B-00C04F79EFBC}") = "Demo", "Demo\Demo.csproj", "{74AB3BE9-E64B-4641-97D7-A823BB76F5B4}"
EndProject
Project("{FAE04EC0-301F-11D3-BF4B-00C04F79EFBC}") = "Fakes.Contrib.Tests.Classes", "Fakes.Contrib.Tests.Classes\Fakes.Contrib.Tests.Classes.csproj", "{4B6BC67E-4782-4838-BA96-C6F7E56C73ED}"
EndProject
Global
	GlobalSection(SolutionConfigurationPlatforms) = preSolution
		Debug|Any CPU = Debug|Any CPU
		Release|Any CPU = Release|Any CPU
	EndGlobalSection
	GlobalSection(ProjectConfigurationPlatforms) = postSolution
		{56E2764A-8D9D-4648-BF89-E9516F4B038B}.Debug|Any CPU.ActiveCfg = Debug|Any CPU
		{56E2764A-8D9D-4648-BF89-E9516F4B038B}.Debug|Any CPU.Build.0 = Debug|Any CPU
		{56E2764A-8D9D-4648-BF89-E9516F4B038B}.Release|Any CPU.ActiveCfg = Release|Any CPU
		{56E2764A-8D9D-4648-BF89-E9516F4B038B}.Release|Any CPU.Build.0 = Release|Any CPU
		{CE3B878E-D16A-4386-BF72-916A87B456B0}.Debug|Any CPU.ActiveCfg = Debug|Any CPU
		{CE3B878E-D16A-4386-BF72-916A87B456B0}.Debug|Any CPU.Build.0 = Debug|Any CPU
		{CE3B878E-D16A-4386-BF72-916A87B456B0}.Release|Any CPU.ActiveCfg = Release|Any CPU
		{CE3B878E-D16A-4386-BF72-916A87B456B0}.Release|Any CPU.Build.0 = Release|Any CPU
		{AC43A87D-4D68-401C-8FEA-4C84AD251C51}.Debug|Any CPU.ActiveCfg = Debug|Any CPU
		{AC43A87D-4D68-401C-8FEA-4C84AD251C51}.Debug|Any CPU.Build.0 = Debug|Any CPU
		{AC43A87D-4D68-401C-8FEA-4C84AD251C51}.Release|Any CPU.ActiveCfg = Release|Any CPU
		{AC43A87D-4D68-401C-8FEA-4C84AD251C51}.Release|Any CPU.Build.0 = Release|Any CPU
		{74AB3BE9-E64B-4641-97D7-A823BB76F5B4}.Debug|Any CPU.ActiveCfg = Debug|Any CPU
		{74AB3BE9-E64B-4641-97D7-A823BB76F5B4}.Debug|Any CPU.Build.0 = Debug|Any CPU
		{74AB3BE9-E64B-4641-97D7-A823BB76F5B4}.Release|Any CPU.ActiveCfg = Release|Any CPU
		{74AB3BE9-E64B-4641-97D7-A823BB76F5B4}.Release|Any CPU.Build.0 = Release|Any CPU
		{4B6BC67E-4782-4838-BA96-C6F7E56C73ED}.Debug|Any CPU.ActiveCfg = Debug|Any CPU
		{4B6BC67E-4782-4838-BA96-C6F7E56C73ED}.Debug|Any CPU.Build.0 = Debug|Any CPU
		{4B6BC67E-4782-4838-BA96-C6F7E56C73ED}.Release|Any CPU.ActiveCfg = Release|Any CPU
		{4B6BC67E-4782-4838-BA96-C6F7E56C73ED}.Release|Any CPU.Build.0 = Release|Any CPU
	EndGlobalSection
	GlobalSection(SolutionProperties) = preSolution
		HideSolutionNode = FALSE
	EndGlobalSection
	GlobalSection(NestedProjects) = preSolution
		{AC43A87D-4D68-401C-8FEA-4C84AD251C51} = {318BA1B2-0481-4D67-8233-6AB0AE2988C1}
		{74AB3BE9-E64B-4641-97D7-A823BB76F5B4} = {318BA1B2-0481-4D67-8233-6AB0AE2988C1}
	EndGlobalSection
	GlobalSection(ExtensibilityGlobals) = postSolution
		SolutionGuid = {2764AF99-F6A1-4F60-BA6A-B1B4DC63430F}
	EndGlobalSection
EndGlobal
