
Microsoft Visual Studio Solution File, Format Version 12.00
# Visual Studio 2013
VisualStudioVersion = 12.0.21005.1
MinimumVisualStudioVersion = 10.0.40219.1
Project("{FAE04EC0-301F-11D3-BF4B-00C04F79EFBC}") = "Fakes.Contrib", "Fakes.Contrib\Fakes.Contrib.csproj", "{56E2764A-8D9D-4648-BF89-E9516F4B038B}"
EndProject
Project("{2150E333-8FDC-42A3-9474-1A3956D46DE8}") = "Demo", "Demo", "{318BA1B2-0481-4D67-8233-6AB0AE2988C1}"
EndProject
Project("{FAE04EC0-301F-11D3-BF4B-00C04F79EFBC}") = "Demo.BookStore", "Demo.BookStore\Demo.BookStore.csproj", "{B935386B-27AC-4C5F-9C03-B55A46FAD895}"
EndProject
Project("{FAE04EC0-301F-11D3-BF4B-00C04F79EFBC}") = "Demo.BookStore.Tests", "Demo.BookStore.Tests\Demo.BookStore.Tests.csproj", "{5E383C83-396A-40CF-A1BE-585314F16C2F}"
EndProject
Project("{FAE04EC0-301F-11D3-BF4B-00C04F79EFBC}") = "Fakes.Contrib.Tests", "Fakes.Contrib.Tests\Fakes.Contrib.Tests.csproj", "{CE3B878E-D16A-4386-BF72-916A87B456B0}"
EndProject
Project("{2150E333-8FDC-42A3-9474-1A3956D46DE8}") = ".nuget", ".nuget", "{8AA04193-6303-4ED5-8790-E1EAD1EB5872}"
	ProjectSection(SolutionItems) = preProject
		.nuget\NuGet.Config = .nuget\NuGet.Config
		.nuget\NuGet.exe = .nuget\NuGet.exe
		.nuget\NuGet.targets = .nuget\NuGet.targets
	EndProjectSection
EndProject
Project("{2150E333-8FDC-42A3-9474-1A3956D46DE8}") = "Solution Items", "Solution Items", "{0604A22D-1F38-41AB-B0A4-0A2B0FE39FD1}"
	ProjectSection(SolutionItems) = preProject
		..\README.md = ..\README.md
	EndProjectSection
EndProject
Global
	GlobalSection(SolutionConfigurationPlatforms) = preSolution
		Debug|Any CPU = Debug|Any CPU
		Release|Any CPU = Release|Any CPU
	EndGlobalSection
	GlobalSection(ProjectConfigurationPlatforms) = postSolution
		{56E2764A-8D9D-4648-BF89-E9516F4B038B}.Debug|Any CPU.ActiveCfg = Debug|Any CPU
		{56E2764A-8D9D-4648-BF89-E9516F4B038B}.Debug|Any CPU.Build.0 = Debug|Any CPU
		{56E2764A-8D9D-4648-BF89-E9516F4B038B}.Release|Any CPU.ActiveCfg = Release|Any CPU
		{56E2764A-8D9D-4648-BF89-E9516F4B038B}.Release|Any CPU.Build.0 = Release|Any CPU
		{B935386B-27AC-4C5F-9C03-B55A46FAD895}.Debug|Any CPU.ActiveCfg = Debug|Any CPU
		{B935386B-27AC-4C5F-9C03-B55A46FAD895}.Debug|Any CPU.Build.0 = Debug|Any CPU
		{B935386B-27AC-4C5F-9C03-B55A46FAD895}.Release|Any CPU.ActiveCfg = Release|Any CPU
		{B935386B-27AC-4C5F-9C03-B55A46FAD895}.Release|Any CPU.Build.0 = Release|Any CPU
		{5E383C83-396A-40CF-A1BE-585314F16C2F}.Debug|Any CPU.ActiveCfg = Debug|Any CPU
		{5E383C83-396A-40CF-A1BE-585314F16C2F}.Debug|Any CPU.Build.0 = Debug|Any CPU
		{5E383C83-396A-40CF-A1BE-585314F16C2F}.Release|Any CPU.ActiveCfg = Release|Any CPU
		{5E383C83-396A-40CF-A1BE-585314F16C2F}.Release|Any CPU.Build.0 = Release|Any CPU
		{CE3B878E-D16A-4386-BF72-916A87B456B0}.Debug|Any CPU.ActiveCfg = Debug|Any CPU
		{CE3B878E-D16A-4386-BF72-916A87B456B0}.Debug|Any CPU.Build.0 = Debug|Any CPU
		{CE3B878E-D16A-4386-BF72-916A87B456B0}.Release|Any CPU.ActiveCfg = Release|Any CPU
		{CE3B878E-D16A-4386-BF72-916A87B456B0}.Release|Any CPU.Build.0 = Release|Any CPU
	EndGlobalSection
	GlobalSection(SolutionProperties) = preSolution
		HideSolutionNode = FALSE
	EndGlobalSection
	GlobalSection(NestedProjects) = preSolution
		{B935386B-27AC-4C5F-9C03-B55A46FAD895} = {318BA1B2-0481-4D67-8233-6AB0AE2988C1}
		{5E383C83-396A-40CF-A1BE-585314F16C2F} = {318BA1B2-0481-4D67-8233-6AB0AE2988C1}
	EndGlobalSection
EndGlobal
